
Microsoft Visual Studio Solution File, Format Version 12.00
# Visual Studio Version 17
VisualStudioVersion = 17.4.33103.184
MinimumVisualStudioVersion = 10.0.40219.1
Project("{FAE04EC0-301F-11D3-BF4B-00C04F79EFBC}") = "WebApplication1", "WebApplication1\WebApplication1.csproj", "{EBD131DB-715C-4BF8-98B0-D104B4EF4B0E}"
EndProject
Global
	GlobalSection(SolutionConfigurationPlatforms) = preSolution
		Debug|Any CPU = Debug|Any CPU
		Release|Any CPU = Release|Any CPU
	EndGlobalSection
	GlobalSection(ProjectConfigurationPlatforms) = postSolution
		{EBD131DB-715C-4BF8-98B0-D104B4EF4B0E}.Debug|Any CPU.ActiveCfg = Debug|Any CPU
		{EBD131DB-715C-4BF8-98B0-D104B4EF4B0E}.Debug|Any CPU.Build.0 = Debug|Any CPU
		{EBD131DB-715C-4BF8-98B0-D104B4EF4B0E}.Release|Any CPU.ActiveCfg = Release|Any CPU
		{EBD131DB-715C-4BF8-98B0-D104B4EF4B0E}.Release|Any CPU.Build.0 = Release|Any CPU
	EndGlobalSection
	GlobalSection(SolutionProperties) = preSolution
		HideSolutionNode = FALSE
	EndGlobalSection
	GlobalSection(ExtensibilityGlobals) = postSolution
		SolutionGuid = {045D6788-6B8A-44E7-B015-B4D352159F29}
	EndGlobalSection
EndGlobal
